
Microsoft Visual Studio Solution File, Format Version 12.00
# Visual Studio Version 17
VisualStudioVersion = 17.8.34525.116
MinimumVisualStudioVersion = 10.0.40219.1
Project("{FAE04EC0-301F-11D3-BF4B-00C04F79EFBC}") = "Home_work 4", "Home_work 4\Home_work 4.csproj", "{448ABD52-A23A-4B1B-B306-2D89B1781105}"
EndProject
Global
	GlobalSection(SolutionConfigurationPlatforms) = preSolution
		Debug|Any CPU = Debug|Any CPU
		Release|Any CPU = Release|Any CPU
	EndGlobalSection
	GlobalSection(ProjectConfigurationPlatforms) = postSolution
		{448ABD52-A23A-4B1B-B306-2D89B1781105}.Debug|Any CPU.ActiveCfg = Debug|Any CPU
		{448ABD52-A23A-4B1B-B306-2D89B1781105}.Debug|Any CPU.Build.0 = Debug|Any CPU
		{448ABD52-A23A-4B1B-B306-2D89B1781105}.Release|Any CPU.ActiveCfg = Release|Any CPU
		{448ABD52-A23A-4B1B-B306-2D89B1781105}.Release|Any CPU.Build.0 = Release|Any CPU
	EndGlobalSection
	GlobalSection(SolutionProperties) = preSolution
		HideSolutionNode = FALSE
	EndGlobalSection
	GlobalSection(ExtensibilityGlobals) = postSolution
		SolutionGuid = {40BF08B9-998B-4328-A3F1-4E1493B389CD}
	EndGlobalSection
EndGlobal
